
Microsoft Visual Studio Solution File, Format Version 12.00
# Visual Studio Version 16
VisualStudioVersion = 16.0.31702.278
MinimumVisualStudioVersion = 10.0.40219.1
Project("{FAE04EC0-301F-11D3-BF4B-00C04F79EFBC}") = "wcf_chat", "wcf_chat\wcf_chat.csproj", "{04366DDC-579C-432A-9BE0-67F986F8BE8C}"
EndProject
Project("{FAE04EC0-301F-11D3-BF4B-00C04F79EFBC}") = "ChatHost", "ChatHost\ChatHost.csproj", "{AE7C2423-547B-438C-BD3D-18B4186734F4}"
EndProject
Project("{FAE04EC0-301F-11D3-BF4B-00C04F79EFBC}") = "ChatClient", "ChatClient\ChatClient.csproj", "{436BECB6-10F7-49DE-A69D-23768D560F21}"
EndProject
Global
	GlobalSection(SolutionConfigurationPlatforms) = preSolution
		Debug|Any CPU = Debug|Any CPU
		Release|Any CPU = Release|Any CPU
	EndGlobalSection
	GlobalSection(ProjectConfigurationPlatforms) = postSolution
		{04366DDC-579C-432A-9BE0-67F986F8BE8C}.Debug|Any CPU.ActiveCfg = Debug|Any CPU
		{04366DDC-579C-432A-9BE0-67F986F8BE8C}.Debug|Any CPU.Build.0 = Debug|Any CPU
		{04366DDC-579C-432A-9BE0-67F986F8BE8C}.Release|Any CPU.ActiveCfg = Release|Any CPU
		{04366DDC-579C-432A-9BE0-67F986F8BE8C}.Release|Any CPU.Build.0 = Release|Any CPU
		{AE7C2423-547B-438C-BD3D-18B4186734F4}.Debug|Any CPU.ActiveCfg = Debug|Any CPU
		{AE7C2423-547B-438C-BD3D-18B4186734F4}.Debug|Any CPU.Build.0 = Debug|Any CPU
		{AE7C2423-547B-438C-BD3D-18B4186734F4}.Release|Any CPU.ActiveCfg = Release|Any CPU
		{AE7C2423-547B-438C-BD3D-18B4186734F4}.Release|Any CPU.Build.0 = Release|Any CPU
		{436BECB6-10F7-49DE-A69D-23768D560F21}.Debug|Any CPU.ActiveCfg = Debug|Any CPU
		{436BECB6-10F7-49DE-A69D-23768D560F21}.Debug|Any CPU.Build.0 = Debug|Any CPU
		{436BECB6-10F7-49DE-A69D-23768D560F21}.Release|Any CPU.ActiveCfg = Release|Any CPU
		{436BECB6-10F7-49DE-A69D-23768D560F21}.Release|Any CPU.Build.0 = Release|Any CPU
	EndGlobalSection
	GlobalSection(SolutionProperties) = preSolution
		HideSolutionNode = FALSE
	EndGlobalSection
	GlobalSection(ExtensibilityGlobals) = postSolution
		SolutionGuid = {158A14A9-EEAD-4631-BA68-736716E33271}
	EndGlobalSection
EndGlobal
